
Microsoft Visual Studio Solution File, Format Version 12.00
# Visual Studio Version 17
VisualStudioVersion = 17.5.33424.131
MinimumVisualStudioVersion = 10.0.40219.1
Project("{FAE04EC0-301F-11D3-BF4B-00C04F79EFBC}") = "DDoS Autofix", "DDoS Autofix.csproj", "{03C447A8-9753-4EF5-85D0-3287F64E2E61}"
EndProject
Global
	GlobalSection(SolutionConfigurationPlatforms) = preSolution
		Debug|Any CPU = Debug|Any CPU
		Release|Any CPU = Release|Any CPU
	EndGlobalSection
	GlobalSection(ProjectConfigurationPlatforms) = postSolution
		{03C447A8-9753-4EF5-85D0-3287F64E2E61}.Debug|Any CPU.ActiveCfg = Debug|Any CPU
		{03C447A8-9753-4EF5-85D0-3287F64E2E61}.Debug|Any CPU.Build.0 = Debug|Any CPU
		{03C447A8-9753-4EF5-85D0-3287F64E2E61}.Release|Any CPU.ActiveCfg = Release|Any CPU
		{03C447A8-9753-4EF5-85D0-3287F64E2E61}.Release|Any CPU.Build.0 = Release|Any CPU
	EndGlobalSection
	GlobalSection(SolutionProperties) = preSolution
		HideSolutionNode = FALSE
	EndGlobalSection
	GlobalSection(ExtensibilityGlobals) = postSolution
		SolutionGuid = {C19EAF1F-B57B-4CF0-B692-E269C151E9F6}
	EndGlobalSection
EndGlobal
